// !$*UTF8*$!
{
	archiveVersion = 1;
	classes = {
	};
	objectVersion = 46;
	objects = {

/* Begin PBXBuildFile section */
		9ABBC13119F191D5005CED23 /* AppDelegate.swift in Sources */ = {isa = PBXBuildFile; fileRef = 9ABBC13019F191D5005CED23 /* AppDelegate.swift */; };
		9ABBC13319F191D5005CED23 /* ViewController.swift in Sources */ = {isa = PBXBuildFile; fileRef = 9ABBC13219F191D5005CED23 /* ViewController.swift */; };
		9ABBC13619F191D5005CED23 /* Main.storyboard in Resources */ = {isa = PBXBuildFile; fileRef = 9ABBC13419F191D5005CED23 /* Main.storyboard */; };
		9ABBC13819F191D5005CED23 /* Images.xcassets in Resources */ = {isa = PBXBuildFile; fileRef = 9ABBC13719F191D5005CED23 /* Images.xcassets */; };
		9ABBC13B19F191D5005CED23 /* LaunchScreen.xib in Resources */ = {isa = PBXBuildFile; fileRef = 9ABBC13919F191D5005CED23 /* LaunchScreen.xib */; };
		9ABBC14719F191D6005CED23 /* ShoeConverterTests.swift in Sources */ = {isa = PBXBuildFile; fileRef = 9ABBC14619F191D6005CED23 /* ShoeConverterTests.swift */; };
/* End PBXBuildFile section */

/* Begin PBXContainerItemProxy section */
		9ABBC14119F191D6005CED23 /* PBXContainerItemProxy */ = {
			isa = PBXContainerItemProxy;
			containerPortal = 9ABBC12319F191D5005CED23 /* Project object */;
			proxyType = 1;
			remoteGlobalIDString = 9ABBC12A19F191D5005CED23;
			remoteInfo = ShoeConverter;
		};
/* End PBXContainerItemProxy section */

/* Begin PBXFileReference section */
		9ABBC12B19F191D5005CED23 /* ShoeConverter.app */ = {isa = PBXFileReference; explicitFileType = wrapper.application; includeInIndex = 0; path = ShoeConverter.app; sourceTree = BUILT_PRODUCTS_DIR; };
		9ABBC12F19F191D5005CED23 /* Info.plist */ = {isa = PBXFileReference; lastKnownFileType = text.plist.xml; path = Info.plist; sourceTree = "<group>"; };
		9ABBC13019F191D5005CED23 /* AppDelegate.swift */ = {isa = PBXFileReference; lastKnownFileType = sourcecode.swift; path = AppDelegate.swift; sourceTree = "<group>"; };
		9ABBC13219F191D5005CED23 /* ViewController.swift */ = {isa = PBXFileReference; lastKnownFileType = sourcecode.swift; path = ViewController.swift; sourceTree = "<group>"; };
		9ABBC13519F191D5005CED23 /* Base */ = {isa = PBXFileReference; lastKnownFileType = file.storyboard; name = Base; path = Base.lproj/Main.storyboard; sourceTree = "<group>"; };
		9ABBC13719F191D5005CED23 /* Images.xcassets */ = {isa = PBXFileReference; lastKnownFileType = folder.assetcatalog; path = Images.xcassets; sourceTree = "<group>"; };
		9ABBC13A19F191D5005CED23 /* Base */ = {isa = PBXFileReference; lastKnownFileType = file.xib; name = Base; path = Base.lproj/LaunchScreen.xib; sourceTree = "<group>"; };
		9ABBC14019F191D6005CED23 /* ShoeConverterTests.xctest */ = {isa = PBXFileReference; explicitFileType = wrapper.cfbundle; includeInIndex = 0; path = ShoeConverterTests.xctest; sourceTree = BUILT_PRODUCTS_DIR; };
		9ABBC14519F191D6005CED23 /* Info.plist */ = {isa = PBXFileReference; lastKnownFileType = text.plist.xml; path = Info.plist; sourceTree = "<group>"; };
		9ABBC14619F191D6005CED23 /* ShoeConverterTests.swift */ = {isa = PBXFileReference; lastKnownFileType = sourcecode.swift; path = ShoeConverterTests.swift; sourceTree = "<group>"; };
/* End PBXFileReference section */

/* Begin PBXFrameworksBuildPhase section */
		9ABBC12819F191D5005CED23 /* Frameworks */ = {
			isa = PBXFrameworksBuildPhase;
			buildActionMask = 2147483647;
			files = (
			);
			runOnlyForDeploymentPostprocessing = 0;
		};
		9ABBC13D19F191D6005CED23 /* Frameworks */ = {
			isa = PBXFrameworksBuildPhase;
			buildActionMask = 2147483647;
			files = (
			);
			runOnlyForDeploymentPostprocessing = 0;
		};
/* End PBXFrameworksBuildPhase section */

/* Begin PBXGroup section */
		9ABBC12219F191D5005CED23 = {
			isa = PBXGroup;
			children = (
				9ABBC12D19F191D5005CED23 /* ShoeConverter */,
				9ABBC14319F191D6005CED23 /* ShoeConverterTests */,
				9ABBC12C19F191D5005CED23 /* Products */,
			);
			sourceTree = "<group>";
		};
		9ABBC12C19F191D5005CED23 /* Products */ = {
			isa = PBXGroup;
			children = (
				9ABBC12B19F191D5005CED23 /* ShoeConverter.app */,
				9ABBC14019F191D6005CED23 /* ShoeConverterTests.xctest */,
			);
			name = Products;
			sourceTree = "<group>";
		};
		9ABBC12D19F191D5005CED23 /* ShoeConverter */ = {
			isa = PBXGroup;
			children = (
				9ABBC13019F191D5005CED23 /* AppDelegate.swift */,
				9ABBC13219F191D5005CED23 /* ViewController.swift */,
				9ABBC13419F191D5005CED23 /* Main.storyboard */,
				9ABBC13719F191D5005CED23 /* Images.xcassets */,
				9ABBC13919F191D5005CED23 /* LaunchScreen.xib */,
				9ABBC12E19F191D5005CED23 /* Supporting Files */,
			);
			path = ShoeConverter;
			sourceTree = "<group>";
		};
		9ABBC12E19F191D5005CED23 /* Supporting Files */ = {
			isa = PBXGroup;
			children = (
				9ABBC12F19F191D5005CED23 /* Info.plist */,
			);
			name = "Supporting Files";
			sourceTree = "<group>";
		};
		9ABBC14319F191D6005CED23 /* ShoeConverterTests */ = {
			isa = PBXGroup;
			children = (
				9ABBC14619F191D6005CED23 /* ShoeConverterTests.swift */,
				9ABBC14419F191D6005CED23 /* Supporting Files */,
			);
			path = ShoeConverterTests;
			sourceTree = "<group>";
		};
		9ABBC14419F191D6005CED23 /* Supporting Files */ = {
			isa = PBXGroup;
			children = (
				9ABBC14519F191D6005CED23 /* Info.plist */,
			);
			name = "Supporting Files";
			sourceTree = "<group>";
		};
/* End PBXGroup section */

/* Begin PBXNativeTarget section */
		9ABBC12A19F191D5005CED23 /* ShoeConverter */ = {
			isa = PBXNativeTarget;
			buildConfigurationList = 9ABBC14A19F191D6005CED23 /* Build configuration list for PBXNativeTarget "ShoeConverter" */;
			buildPhases = (
				9ABBC12719F191D5005CED23 /* Sources */,
				9ABBC12819F191D5005CED23 /* Frameworks */,
				9ABBC12919F191D5005CED23 /* Resources */,
			);
			buildRules = (
			);
			dependencies = (
			);
			name = ShoeConverter;
			productName = ShoeConverter;
			productReference = 9ABBC12B19F191D5005CED23 /* ShoeConverter.app */;
			productType = "com.apple.product-type.application";
		};
		9ABBC13F19F191D6005CED23 /* ShoeConverterTests */ = {
			isa = PBXNativeTarget;
			buildConfigurationList = 9ABBC14D19F191D6005CED23 /* Build configuration list for PBXNativeTarget "ShoeConverterTests" */;
			buildPhases = (
				9ABBC13C19F191D6005CED23 /* Sources */,
				9ABBC13D19F191D6005CED23 /* Frameworks */,
				9ABBC13E19F191D6005CED23 /* Resources */,
			);
			buildRules = (
			);
			dependencies = (
				9ABBC14219F191D6005CED23 /* PBXTargetDependency */,
			);
			name = ShoeConverterTests;
			productName = ShoeConverterTests;
			productReference = 9ABBC14019F191D6005CED23 /* ShoeConverterTests.xctest */;
			productType = "com.apple.product-type.bundle.unit-test";
		};
/* End PBXNativeTarget section */

/* Begin PBXProject section */
		9ABBC12319F191D5005CED23 /* Project object */ = {
			isa = PBXProject;
			attributes = {
				LastUpgradeCheck = 0600;
				ORGANIZATIONNAME = uinik;
				TargetAttributes = {
					9ABBC12A19F191D5005CED23 = {
						CreatedOnToolsVersion = 6.0.1;
					};
					9ABBC13F19F191D6005CED23 = {
						CreatedOnToolsVersion = 6.0.1;
						TestTargetID = 9ABBC12A19F191D5005CED23;
					};
				};
			};
			buildConfigurationList = 9ABBC12619F191D5005CED23 /* Build configuration list for PBXProject "ShoeConverter" */;
			compatibilityVersion = "Xcode 3.2";
			developmentRegion = English;
			hasScannedForEncodings = 0;
			knownRegions = (
				en,
				Base,
			);
			mainGroup = 9ABBC12219F191D5005CED23;
			productRefGroup = 9ABBC12C19F191D5005CED23 /* Products */;
			projectDirPath = "";
			projectRoot = "";
			targets = (
				9ABBC12A19F191D5005CED23 /* ShoeConverter */,
				9ABBC13F19F191D6005CED23 /* ShoeConverterTests */,
			);
		};
/* End PBXProject section */

/* Begin PBXResourcesBuildPhase section */
		9ABBC12919F191D5005CED23 /* Resources */ = {
			isa = PBXResourcesBuildPhase;
			buildActionMask = 2147483647;
			files = (
				9ABBC13619F191D5005CED23 /* Main.storyboard in Resources */,
				9ABBC13B19F191D5005CED23 /* LaunchScreen.xib in Resources */,
				9ABBC13819F191D5005CED23 /* Images.xcassets in Resources */,
			);
			runOnlyForDeploymentPostprocessing = 0;
		};
		9ABBC13E19F191D6005CED23 /* Resources */ = {
			isa = PBXResourcesBuildPhase;
			buildActionMask = 2147483647;
			files = (
			);
			runOnlyForDeploymentPostprocessing = 0;
		};
/* End PBXResourcesBuildPhase section */

/* Begin PBXSourcesBuildPhase section */
		9ABBC12719F191D5005CED23 /* Sources */ = {
			isa = PBXSourcesBuildPhase;
			buildActionMask = 2147483647;
			files = (
				9ABBC13319F191D5005CED23 /* ViewController.swift in Sources */,
				9ABBC13119F191D5005CED23 /* AppDelegate.swift in Sources */,
			);
			runOnlyForDeploymentPostprocessing = 0;
		};
		9ABBC13C19F191D6005CED23 /* Sources */ = {
			isa = PBXSourcesBuildPhase;
			buildActionMask = 2147483647;
			files = (
				9ABBC14719F191D6005CED23 /* ShoeConverterTests.swift in Sources */,
			);
			runOnlyForDeploymentPostprocessing = 0;
		};
/* End PBXSourcesBuildPhase section */

/* Begin PBXTargetDependency section */
		9ABBC14219F191D6005CED23 /* PBXTargetDependency */ = {
			isa = PBXTargetDependency;
			target = 9ABBC12A19F191D5005CED23 /* ShoeConverter */;
			targetProxy = 9ABBC14119F191D6005CED23 /* PBXContainerItemProxy */;
		};
/* End PBXTargetDependency section */

/* Begin PBXVariantGroup section */
		9ABBC13419F191D5005CED23 /* Main.storyboard */ = {
			isa = PBXVariantGroup;
			children = (
				9ABBC13519F191D5005CED23 /* Base */,
			);
			name = Main.storyboard;
			sourceTree = "<group>";
		};
		9ABBC13919F191D5005CED23 /* LaunchScreen.xib */ = {
			isa = PBXVariantGroup;
			children = (
				9ABBC13A19F191D5005CED23 /* Base */,
			);
			name = LaunchScreen.xib;
			sourceTree = "<group>";
		};
/* End PBXVariantGroup section */

/* Begin XCBuildConfiguration section */
		9ABBC14819F191D6005CED23 /* Debug */ = {
			isa = XCBuildConfiguration;
			buildSettings = {
				ALWAYS_SEARCH_USER_PATHS = NO;
				CLANG_CXX_LANGUAGE_STANDARD = "gnu++0x";
				CLANG_CXX_LIBRARY = "libc++";
				CLANG_ENABLE_MODULES = YES;
				CLANG_ENABLE_OBJC_ARC = YES;
				CLANG_WARN_BOOL_CONVERSION = YES;
				CLANG_WARN_CONSTANT_CONVERSION = YES;
				CLANG_WARN_DIRECT_OBJC_ISA_USAGE = YES_ERROR;
				CLANG_WARN_EMPTY_BODY = YES;
				CLANG_WARN_ENUM_CONVERSION = YES;
				CLANG_WARN_INT_CONVERSION = YES;
				CLANG_WARN_OBJC_ROOT_CLASS = YES_ERROR;
				CLANG_WARN_UNREACHABLE_CODE = YES;
				CLANG_WARN__DUPLICATE_METHOD_MATCH = YES;
				"CODE_SIGN_IDENTITY[sdk=iphoneos*]" = "iPhone Developer";
				COPY_PHASE_STRIP = NO;
				ENABLE_STRICT_OBJC_MSGSEND = YES;
				GCC_C_LANGUAGE_STANDARD = gnu99;
				GCC_DYNAMIC_NO_PIC = NO;
				GCC_OPTIMIZATION_LEVEL = 0;
				GCC_PREPROCESSOR_DEFINITIONS = (
					"DEBUG=1",
					"$(inherited)",
				);
				GCC_SYMBOLS_PRIVATE_EXTERN = NO;
				GCC_WARN_64_TO_32_BIT_CONVERSION = YES;
				GCC_WARN_ABOUT_RETURN_TYPE = YES_ERROR;
				GCC_WARN_UNDECLARED_SELECTOR = YES;
				GCC_WARN_UNINITIALIZED_AUTOS = YES_AGGRESSIVE;
				GCC_WARN_UNUSED_FUNCTION = YES;
				GCC_WARN_UNUSED_VARIABLE = YES;
				IPHONEOS_DEPLOYMENT_TARGET = 8.0;
				MTL_ENABLE_DEBUG_INFO = YES;
				ONLY_ACTIVE_ARCH = YES;
				SDKROOT = iphoneos;
				SWIFT_OPTIMIZATION_LEVEL = "-Onone";
			};
			name = Debug;
		};
		9ABBC14919F191D6005CED23 /* Release */ = {
			isa = XCBuildConfiguration;
			buildSettings = {
				ALWAYS_SEARCH_USER_PATHS = NO;
				CLANG_CXX_LANGUAGE_STANDARD = "gnu++0x";
				CLANG_CXX_LIBRARY = "libc++";
				CLANG_ENABLE_MODULES = YES;
				CLANG_ENABLE_OBJC_ARC = YES;
				CLANG_WARN_BOOL_CONVERSION = YES;
				CLANG_WARN_CONSTANT_CONVERSION = YES;
				CLANG_WARN_DIRECT_OBJC_ISA_USAGE = YES_ERROR;
				CLANG_WARN_EMPTY_BODY = YES;
				CLANG_WARN_ENUM_CONVERSION = YES;
				CLANG_WARN_INT_CONVERSION = YES;
				CLANG_WARN_OBJC_ROOT_CLASS = YES_ERROR;
				CLANG_WARN_UNREACHABLE_CODE = YES;
				CLANG_WARN__DUPLICATE_METHOD_MATCH = YES;
				"CODE_SIGN_IDENTITY[sdk=iphoneos*]" = "iPhone Developer";
				COPY_PHASE_STRIP = YES;
				ENABLE_NS_ASSERTIONS = NO;
				ENABLE_STRICT_OBJC_MSGSEND = YES;
				GCC_C_LANGUAGE_STANDARD = gnu99;
				GCC_WARN_64_TO_32_BIT_CONVERSION = YES;
				GCC_WARN_ABOUT_RETURN_TYPE = YES_ERROR;
				GCC_WARN_UNDECLARED_SELECTOR = YES;
				GCC_WARN_UNINITIALIZED_AUTOS = YES_AGGRESSIVE;
				GCC_WARN_UNUSED_FUNCTION = YES;
				GCC_WARN_UNUSED_VARIABLE = YES;
				IPHONEOS_DEPLOYMENT_TARGET = 8.0;
				MTL_ENABLE_DEBUG_INFO = NO;
				SDKROOT = iphoneos;
				VALIDATE_PRODUCT = YES;
			};
			name = Release;
		};
		9ABBC14B19F191D6005CED23 /* Debug */ = {
			isa = XCBuildConfiguration;
			buildSettings = {
				ASSETCATALOG_COMPILER_APPICON_NAME = AppIcon;
				INFOPLIST_FILE = ShoeConverter/Info.plist;
				LD_RUNPATH_SEARCH_PATHS = "$(inherited) @executable_path/Frameworks";
				PRODUCT_NAME = "$(TARGET_NAME)";
			};
			name = Debug;
		};
		9ABBC14C19F191D6005CED23 /* Release */ = {
			isa = XCBuildConfiguration;
			buildSettings = {
				ASSETCATALOG_COMPILER_APPICON_NAME = AppIcon;
				INFOPLIST_FILE = ShoeConverter/Info.plist;
				LD_RUNPATH_SEARCH_PATHS = "$(inherited) @executable_path/Frameworks";
				PRODUCT_NAME = "$(TARGET_NAME)";
			};
			name = Release;
		};
		9ABBC14E19F191D6005CED23 /* Debug */ = {
			isa = XCBuildConfiguration;
			buildSettings = {
				BUNDLE_LOADER = "$(TEST_HOST)";
				FRAMEWORK_SEARCH_PATHS = (
					"$(SDKROOT)/Developer/Library/Frameworks",
					"$(inherited)",
				);
				GCC_PREPROCESSOR_DEFINITIONS = (
					"DEBUG=1",
					"$(inherited)",
				);
				INFOPLIST_FILE = ShoeConverterTests/Info.plist;
				LD_RUNPATH_SEARCH_PATHS = "$(inherited) @executable_path/Frameworks @loader_path/Frameworks";
				PRODUCT_NAME = "$(TARGET_NAME)";
				TEST_HOST = "$(BUILT_PRODUCTS_DIR)/ShoeConverter.app/ShoeConverter";
			};
			name = Debug;
		};
		9ABBC14F19F191D6005CED23 /* Release */ = {
			isa = XCBuildConfiguration;
			buildSettings = {
				BUNDLE_LOADER = "$(TEST_HOST)";
				FRAMEWORK_SEARCH_PATHS = (
					"$(SDKROOT)/Developer/Library/Frameworks",
					"$(inherited)",
				);
				INFOPLIST_FILE = ShoeConverterTests/Info.plist;
				LD_RUNPATH_SEARCH_PATHS = "$(inherited) @executable_path/Frameworks @loader_path/Frameworks";
				PRODUCT_NAME = "$(TARGET_NAME)";
				TEST_HOST = "$(BUILT_PRODUCTS_DIR)/ShoeConverter.app/ShoeConverter";
			};
			name = Release;
		};
/* End XCBuildConfiguration section */

/* Begin XCConfigurationList section */
		9ABBC12619F191D5005CED23 /* Build configuration list for PBXProject "ShoeConverter" */ = {
			isa = XCConfigurationList;
			buildConfigurations = (
				9ABBC14819F191D6005CED23 /* Debug */,
				9ABBC14919F191D6005CED23 /* Release */,
			);
			defaultConfigurationIsVisible = 0;
			defaultConfigurationName = Release;
		};
		9ABBC14A19F191D6005CED23 /* Build configuration list for PBXNativeTarget "ShoeConverter" */ = {
			isa = XCConfigurationList;
			buildConfigurations = (
				9ABBC14B19F191D6005CED23 /* Debug */,
				9ABBC14C19F191D6005CED23 /* Release */,
			);
			defaultConfigurationIsVisible = 0;
		};
		9ABBC14D19F191D6005CED23 /* Build configuration list for PBXNativeTarget "ShoeConverterTests" */ = {
			isa = XCConfigurationList;
			buildConfigurations = (
				9ABBC14E19F191D6005CED23 /* Debug */,
				9ABBC14F19F191D6005CED23 /* Release */,
			);
			defaultConfigurationIsVisible = 0;
		};
/* End XCConfigurationList section */
	};
	rootObject = 9ABBC12319F191D5005CED23 /* Project object */;
}
